// !$*UTF8*$!
{
	archiveVersion = 1;
	classes = {
	};
	objectVersion = 56;
	objects = {

/* Begin PBXBuildFile section */
		839867E82A3D0BCE004A5C40 /* AppDelegate.swift in Sources */ = {isa = PBXBuildFile; fileRef = 839867E72A3D0BCE004A5C40 /* AppDelegate.swift */; };
		839867EA2A3D0BCE004A5C40 /* SceneDelegate.swift in Sources */ = {isa = PBXBuildFile; fileRef = 839867E92A3D0BCE004A5C40 /* SceneDelegate.swift */; };
		839867EC2A3D0BCE004A5C40 /* ViewController.swift in Sources */ = {isa = PBXBuildFile; fileRef = 839867EB2A3D0BCE004A5C40 /* ViewController.swift */; };
		839867EF2A3D0BCE004A5C40 /* Main.storyboard in Resources */ = {isa = PBXBuildFile; fileRef = 839867ED2A3D0BCE004A5C40 /* Main.storyboard */; };
		839867F12A3D0BCF004A5C40 /* Assets.xcassets in Resources */ = {isa = PBXBuildFile; fileRef = 839867F02A3D0BCF004A5C40 /* Assets.xcassets */; };
		839867F42A3D0BCF004A5C40 /* LaunchScreen.storyboard in Resources */ = {isa = PBXBuildFile; fileRef = 839867F22A3D0BCF004A5C40 /* LaunchScreen.storyboard */; };
		839867FC2A3D0C4A004A5C40 /* LandingPageView.swift in Sources */ = {isa = PBXBuildFile; fileRef = 839867FB2A3D0C4A004A5C40 /* LandingPageView.swift */; };
		839867FE2A3E945E004A5C40 /* GoogleService-Info (1).plist in Resources */ = {isa = PBXBuildFile; fileRef = 839867FD2A3E945E004A5C40 /* GoogleService-Info (1).plist */; };
		839868012A3E94A6004A5C40 /* FirebaseAuth in Frameworks */ = {isa = PBXBuildFile; productRef = 839868002A3E94A6004A5C40 /* FirebaseAuth */; };
		839868032A3E94A6004A5C40 /* FirebaseFirestore in Frameworks */ = {isa = PBXBuildFile; productRef = 839868022A3E94A6004A5C40 /* FirebaseFirestore */; };
		839868052A3E94A6004A5C40 /* FirebaseFirestoreSwift in Frameworks */ = {isa = PBXBuildFile; productRef = 839868042A3E94A6004A5C40 /* FirebaseFirestoreSwift */; };
		839868072A3E94A6004A5C40 /* FirebaseStorage in Frameworks */ = {isa = PBXBuildFile; productRef = 839868062A3E94A6004A5C40 /* FirebaseStorage */; };
/* End PBXBuildFile section */

/* Begin PBXFileReference section */
		839867E42A3D0BCE004A5C40 /* Clarity.app */ = {isa = PBXFileReference; explicitFileType = wrapper.application; includeInIndex = 0; path = Clarity.app; sourceTree = BUILT_PRODUCTS_DIR; };
		839867E72A3D0BCE004A5C40 /* AppDelegate.swift */ = {isa = PBXFileReference; lastKnownFileType = sourcecode.swift; path = AppDelegate.swift; sourceTree = "<group>"; };
		839867E92A3D0BCE004A5C40 /* SceneDelegate.swift */ = {isa = PBXFileReference; lastKnownFileType = sourcecode.swift; path = SceneDelegate.swift; sourceTree = "<group>"; };
		839867EB2A3D0BCE004A5C40 /* ViewController.swift */ = {isa = PBXFileReference; lastKnownFileType = sourcecode.swift; path = ViewController.swift; sourceTree = "<group>"; };
		839867EE2A3D0BCE004A5C40 /* Base */ = {isa = PBXFileReference; lastKnownFileType = file.storyboard; name = Base; path = Base.lproj/Main.storyboard; sourceTree = "<group>"; };
		839867F02A3D0BCF004A5C40 /* Assets.xcassets */ = {isa = PBXFileReference; lastKnownFileType = folder.assetcatalog; path = Assets.xcassets; sourceTree = "<group>"; };
		839867F32A3D0BCF004A5C40 /* Base */ = {isa = PBXFileReference; lastKnownFileType = file.storyboard; name = Base; path = Base.lproj/LaunchScreen.storyboard; sourceTree = "<group>"; };
		839867F52A3D0BCF004A5C40 /* Info.plist */ = {isa = PBXFileReference; lastKnownFileType = text.plist.xml; path = Info.plist; sourceTree = "<group>"; };
		839867FB2A3D0C4A004A5C40 /* LandingPageView.swift */ = {isa = PBXFileReference; lastKnownFileType = sourcecode.swift; path = LandingPageView.swift; sourceTree = "<group>"; };
		839867FD2A3E945E004A5C40 /* GoogleService-Info (1).plist */ = {isa = PBXFileReference; fileEncoding = 4; lastKnownFileType = text.plist.xml; name = "GoogleService-Info (1).plist"; path = "../../../../../Downloads/GoogleService-Info (1).plist"; sourceTree = "<group>"; };
/* End PBXFileReference section */

/* Begin PBXFrameworksBuildPhase section */
		839867E12A3D0BCE004A5C40 /* Frameworks */ = {
			isa = PBXFrameworksBuildPhase;
			buildActionMask = 2147483647;
			files = (
				839868012A3E94A6004A5C40 /* FirebaseAuth in Frameworks */,
				839868072A3E94A6004A5C40 /* FirebaseStorage in Frameworks */,
				839868032A3E94A6004A5C40 /* FirebaseFirestore in Frameworks */,
				839868052A3E94A6004A5C40 /* FirebaseFirestoreSwift in Frameworks */,
			);
			runOnlyForDeploymentPostprocessing = 0;
		};
/* End PBXFrameworksBuildPhase section */

/* Begin PBXGroup section */
		839867DB2A3D0BCE004A5C40 = {
			isa = PBXGroup;
			children = (
				839867E62A3D0BCE004A5C40 /* Clarity */,
				839867E52A3D0BCE004A5C40 /* Products */,
			);
			sourceTree = "<group>";
		};
		839867E52A3D0BCE004A5C40 /* Products */ = {
			isa = PBXGroup;
			children = (
				839867E42A3D0BCE004A5C40 /* Clarity.app */,
			);
			name = Products;
			sourceTree = "<group>";
		};
		839867E62A3D0BCE004A5C40 /* Clarity */ = {
			isa = PBXGroup;
			children = (
				839867E72A3D0BCE004A5C40 /* AppDelegate.swift */,
				839867E92A3D0BCE004A5C40 /* SceneDelegate.swift */,
				839867EB2A3D0BCE004A5C40 /* ViewController.swift */,
				839867FB2A3D0C4A004A5C40 /* LandingPageView.swift */,
				839867ED2A3D0BCE004A5C40 /* Main.storyboard */,
				839867F02A3D0BCF004A5C40 /* Assets.xcassets */,
				839867F22A3D0BCF004A5C40 /* LaunchScreen.storyboard */,
				839867F52A3D0BCF004A5C40 /* Info.plist */,
				839867FD2A3E945E004A5C40 /* GoogleService-Info (1).plist */,
			);
			path = Clarity;
			sourceTree = "<group>";
		};
/* End PBXGroup section */

/* Begin PBXNativeTarget section */
		839867E32A3D0BCE004A5C40 /* Clarity */ = {
			isa = PBXNativeTarget;
			buildConfigurationList = 839867F82A3D0BCF004A5C40 /* Build configuration list for PBXNativeTarget "Clarity" */;
			buildPhases = (
				839867E02A3D0BCE004A5C40 /* Sources */,
				839867E12A3D0BCE004A5C40 /* Frameworks */,
				839867E22A3D0BCE004A5C40 /* Resources */,
			);
			buildRules = (
			);
			dependencies = (
			);
			name = Clarity;
			packageProductDependencies = (
				839868002A3E94A6004A5C40 /* FirebaseAuth */,
				839868022A3E94A6004A5C40 /* FirebaseFirestore */,
				839868042A3E94A6004A5C40 /* FirebaseFirestoreSwift */,
				839868062A3E94A6004A5C40 /* FirebaseStorage */,
			);
			productName = Clarity;
			productReference = 839867E42A3D0BCE004A5C40 /* Clarity.app */;
			productType = "com.apple.product-type.application";
		};
/* End PBXNativeTarget section */

/* Begin PBXProject section */
		839867DC2A3D0BCE004A5C40 /* Project object */ = {
			isa = PBXProject;
			attributes = {
				BuildIndependentTargetsInParallel = 1;
				LastSwiftUpdateCheck = 1430;
				LastUpgradeCheck = 1430;
				TargetAttributes = {
					839867E32A3D0BCE004A5C40 = {
						CreatedOnToolsVersion = 14.3.1;
					};
				};
			};
			buildConfigurationList = 839867DF2A3D0BCE004A5C40 /* Build configuration list for PBXProject "Clarity" */;
			compatibilityVersion = "Xcode 14.0";
			developmentRegion = en;
			hasScannedForEncodings = 0;
			knownRegions = (
				en,
				Base,
			);
			mainGroup = 839867DB2A3D0BCE004A5C40;
			packageReferences = (
				839867FF2A3E94A6004A5C40 /* XCRemoteSwiftPackageReference "firebase-ios-sdk" */,
			);
			productRefGroup = 839867E52A3D0BCE004A5C40 /* Products */;
			projectDirPath = "";
			projectRoot = "";
			targets = (
				839867E32A3D0BCE004A5C40 /* Clarity */,
			);
		};
/* End PBXProject section */

/* Begin PBXResourcesBuildPhase section */
		839867E22A3D0BCE004A5C40 /* Resources */ = {
			isa = PBXResourcesBuildPhase;
			buildActionMask = 2147483647;
			files = (
				839867F42A3D0BCF004A5C40 /* LaunchScreen.storyboard in Resources */,
				839867F12A3D0BCF004A5C40 /* Assets.xcassets in Resources */,
				839867EF2A3D0BCE004A5C40 /* Main.storyboard in Resources */,
				839867FE2A3E945E004A5C40 /* GoogleService-Info (1).plist in Resources */,
			);
			runOnlyForDeploymentPostprocessing = 0;
		};
/* End PBXResourcesBuildPhase section */

/* Begin PBXSourcesBuildPhase section */
		839867E02A3D0BCE004A5C40 /* Sources */ = {
			isa = PBXSourcesBuildPhase;
			buildActionMask = 2147483647;
			files = (
				839867FC2A3D0C4A004A5C40 /* LandingPageView.swift in Sources */,
				839867EC2A3D0BCE004A5C40 /* ViewController.swift in Sources */,
				839867E82A3D0BCE004A5C40 /* AppDelegate.swift in Sources */,
				839867EA2A3D0BCE004A5C40 /* SceneDelegate.swift in Sources */,
			);
			runOnlyForDeploymentPostprocessing = 0;
		};
/* End PBXSourcesBuildPhase section */

/* Begin PBXVariantGroup section */
		839867ED2A3D0BCE004A5C40 /* Main.storyboard */ = {
			isa = PBXVariantGroup;
			children = (
				839867EE2A3D0BCE004A5C40 /* Base */,
			);
			name = Main.storyboard;
			sourceTree = "<group>";
		};
		839867F22A3D0BCF004A5C40 /* LaunchScreen.storyboard */ = {
			isa = PBXVariantGroup;
			children = (
				839867F32A3D0BCF004A5C40 /* Base */,
			);
			name = LaunchScreen.storyboard;
			sourceTree = "<group>";
		};
/* End PBXVariantGroup section */

/* Begin XCBuildConfiguration section */
		839867F62A3D0BCF004A5C40 /* Debug */ = {
			isa = XCBuildConfiguration;
			buildSettings = {
				ALWAYS_SEARCH_USER_PATHS = NO;
				CLANG_ANALYZER_NONNULL = YES;
				CLANG_ANALYZER_NUMBER_OBJECT_CONVERSION = YES_AGGRESSIVE;
				CLANG_CXX_LANGUAGE_STANDARD = "gnu++20";
				CLANG_ENABLE_MODULES = YES;
				CLANG_ENABLE_OBJC_ARC = YES;
				CLANG_ENABLE_OBJC_WEAK = YES;
				CLANG_WARN_BLOCK_CAPTURE_AUTORELEASING = YES;
				CLANG_WARN_BOOL_CONVERSION = YES;
				CLANG_WARN_COMMA = YES;
				CLANG_WARN_CONSTANT_CONVERSION = YES;
				CLANG_WARN_DEPRECATED_OBJC_IMPLEMENTATIONS = YES;
				CLANG_WARN_DIRECT_OBJC_ISA_USAGE = YES_ERROR;
				CLANG_WARN_DOCUMENTATION_COMMENTS = YES;
				CLANG_WARN_EMPTY_BODY = YES;
				CLANG_WARN_ENUM_CONVERSION = YES;
				CLANG_WARN_INFINITE_RECURSION = YES;
				CLANG_WARN_INT_CONVERSION = YES;
				CLANG_WARN_NON_LITERAL_NULL_CONVERSION = YES;
				CLANG_WARN_OBJC_IMPLICIT_RETAIN_SELF = YES;
				CLANG_WARN_OBJC_LITERAL_CONVERSION = YES;
				CLANG_WARN_OBJC_ROOT_CLASS = YES_ERROR;
				CLANG_WARN_QUOTED_INCLUDE_IN_FRAMEWORK_HEADER = YES;
				CLANG_WARN_RANGE_LOOP_ANALYSIS = YES;
				CLANG_WARN_STRICT_PROTOTYPES = YES;
				CLANG_WARN_SUSPICIOUS_MOVE = YES;
				CLANG_WARN_UNGUARDED_AVAILABILITY = YES_AGGRESSIVE;
				CLANG_WARN_UNREACHABLE_CODE = YES;
				CLANG_WARN__DUPLICATE_METHOD_MATCH = YES;
				COPY_PHASE_STRIP = NO;
				DEBUG_INFORMATION_FORMAT = dwarf;
				ENABLE_STRICT_OBJC_MSGSEND = YES;
				ENABLE_TESTABILITY = YES;
				GCC_C_LANGUAGE_STANDARD = gnu11;
				GCC_DYNAMIC_NO_PIC = NO;
				GCC_NO_COMMON_BLOCKS = YES;
				GCC_OPTIMIZATION_LEVEL = 0;
				GCC_PREPROCESSOR_DEFINITIONS = (
					"DEBUG=1",
					"$(inherited)",
				);
				GCC_WARN_64_TO_32_BIT_CONVERSION = YES;
				GCC_WARN_ABOUT_RETURN_TYPE = YES_ERROR;
				GCC_WARN_UNDECLARED_SELECTOR = YES;
				GCC_WARN_UNINITIALIZED_AUTOS = YES_AGGRESSIVE;
				GCC_WARN_UNUSED_FUNCTION = YES;
				GCC_WARN_UNUSED_VARIABLE = YES;
				IPHONEOS_DEPLOYMENT_TARGET = 16.4;
				MTL_ENABLE_DEBUG_INFO = INCLUDE_SOURCE;
				MTL_FAST_MATH = YES;
				ONLY_ACTIVE_ARCH = YES;
				SDKROOT = iphoneos;
				SWIFT_ACTIVE_COMPILATION_CONDITIONS = DEBUG;
				SWIFT_OPTIMIZATION_LEVEL = "-Onone";
			};
			name = Debug;
		};
		839867F72A3D0BCF004A5C40 /* Release */ = {
			isa = XCBuildConfiguration;
			buildSettings = {
				ALWAYS_SEARCH_USER_PATHS = NO;
				CLANG_ANALYZER_NONNULL = YES;
				CLANG_ANALYZER_NUMBER_OBJECT_CONVERSION = YES_AGGRESSIVE;
				CLANG_CXX_LANGUAGE_STANDARD = "gnu++20";
				CLANG_ENABLE_MODULES = YES;
				CLANG_ENABLE_OBJC_ARC = YES;
				CLANG_ENABLE_OBJC_WEAK = YES;
				CLANG_WARN_BLOCK_CAPTURE_AUTORELEASING = YES;
				CLANG_WARN_BOOL_CONVERSION = YES;
				CLANG_WARN_COMMA = YES;
				CLANG_WARN_CONSTANT_CONVERSION = YES;
				CLANG_WARN_DEPRECATED_OBJC_IMPLEMENTATIONS = YES;
				CLANG_WARN_DIRECT_OBJC_ISA_USAGE = YES_ERROR;
				CLANG_WARN_DOCUMENTATION_COMMENTS = YES;
				CLANG_WARN_EMPTY_BODY = YES;
				CLANG_WARN_ENUM_CONVERSION = YES;
				CLANG_WARN_INFINITE_RECURSION = YES;
				CLANG_WARN_INT_CONVERSION = YES;
				CLANG_WARN_NON_LITERAL_NULL_CONVERSION = YES;
				CLANG_WARN_OBJC_IMPLICIT_RETAIN_SELF = YES;
				CLANG_WARN_OBJC_LITERAL_CONVERSION = YES;
				CLANG_WARN_OBJC_ROOT_CLASS = YES_ERROR;
				CLANG_WARN_QUOTED_INCLUDE_IN_FRAMEWORK_HEADER = YES;
				CLANG_WARN_RANGE_LOOP_ANALYSIS = YES;
				CLANG_WARN_STRICT_PROTOTYPES = YES;
				CLANG_WARN_SUSPICIOUS_MOVE = YES;
				CLANG_WARN_UNGUARDED_AVAILABILITY = YES_AGGRESSIVE;
				CLANG_WARN_UNREACHABLE_CODE = YES;
				CLANG_WARN__DUPLICATE_METHOD_MATCH = YES;
				COPY_PHASE_STRIP = NO;
				DEBUG_INFORMATION_FORMAT = "dwarf-with-dsym";
				ENABLE_NS_ASSERTIONS = NO;
				ENABLE_STRICT_OBJC_MSGSEND = YES;
				GCC_C_LANGUAGE_STANDARD = gnu11;
				GCC_NO_COMMON_BLOCKS = YES;
				GCC_WARN_64_TO_32_BIT_CONVERSION = YES;
				GCC_WARN_ABOUT_RETURN_TYPE = YES_ERROR;
				GCC_WARN_UNDECLARED_SELECTOR = YES;
				GCC_WARN_UNINITIALIZED_AUTOS = YES_AGGRESSIVE;
				GCC_WARN_UNUSED_FUNCTION = YES;
				GCC_WARN_UNUSED_VARIABLE = YES;
				IPHONEOS_DEPLOYMENT_TARGET = 16.4;
				MTL_ENABLE_DEBUG_INFO = NO;
				MTL_FAST_MATH = YES;
				SDKROOT = iphoneos;
				SWIFT_COMPILATION_MODE = wholemodule;
				SWIFT_OPTIMIZATION_LEVEL = "-O";
				VALIDATE_PRODUCT = YES;
			};
			name = Release;
		};
		839867F92A3D0BCF004A5C40 /* Debug */ = {
			isa = XCBuildConfiguration;
			buildSettings = {
				ASSETCATALOG_COMPILER_APPICON_NAME = AppIcon;
				ASSETCATALOG_COMPILER_GLOBAL_ACCENT_COLOR_NAME = AccentColor;
				CODE_SIGN_STYLE = Automatic;
				CURRENT_PROJECT_VERSION = 1;
				DEVELOPMENT_TEAM = V6KH3RPY9S;
				GENERATE_INFOPLIST_FILE = YES;
				INFOPLIST_FILE = Clarity/Info.plist;
				INFOPLIST_KEY_UIApplicationSupportsIndirectInputEvents = YES;
				INFOPLIST_KEY_UILaunchStoryboardName = LaunchScreen;
				INFOPLIST_KEY_UIMainStoryboardFile = Main;
				INFOPLIST_KEY_UISupportedInterfaceOrientations_iPad = "UIInterfaceOrientationPortrait UIInterfaceOrientationPortraitUpsideDown UIInterfaceOrientationLandscapeLeft UIInterfaceOrientationLandscapeRight";
				INFOPLIST_KEY_UISupportedInterfaceOrientations_iPhone = "UIInterfaceOrientationPortrait UIInterfaceOrientationLandscapeLeft UIInterfaceOrientationLandscapeRight";
				LD_RUNPATH_SEARCH_PATHS = (
					"$(inherited)",
					"@executable_path/Frameworks",
				);
				MARKETING_VERSION = 1.0;
				PRODUCT_BUNDLE_IDENTIFIER = com.nuios.Clarity;
				PRODUCT_NAME = "$(TARGET_NAME)";
				SWIFT_EMIT_LOC_STRINGS = YES;
				SWIFT_VERSION = 5.0;
				TARGETED_DEVICE_FAMILY = "1,2";
			};
			name = Debug;
		};
		839867FA2A3D0BCF004A5C40 /* Release */ = {
			isa = XCBuildConfiguration;
			buildSettings = {
				ASSETCATALOG_COMPILER_APPICON_NAME = AppIcon;
				ASSETCATALOG_COMPILER_GLOBAL_ACCENT_COLOR_NAME = AccentColor;
				CODE_SIGN_STYLE = Automatic;
				CURRENT_PROJECT_VERSION = 1;
				DEVELOPMENT_TEAM = V6KH3RPY9S;
				GENERATE_INFOPLIST_FILE = YES;
				INFOPLIST_FILE = Clarity/Info.plist;
				INFOPLIST_KEY_UIApplicationSupportsIndirectInputEvents = YES;
				INFOPLIST_KEY_UILaunchStoryboardName = LaunchScreen;
				INFOPLIST_KEY_UIMainStoryboardFile = Main;
				INFOPLIST_KEY_UISupportedInterfaceOrientations_iPad = "UIInterfaceOrientationPortrait UIInterfaceOrientationPortraitUpsideDown UIInterfaceOrientationLandscapeLeft UIInterfaceOrientationLandscapeRight";
				INFOPLIST_KEY_UISupportedInterfaceOrientations_iPhone = "UIInterfaceOrientationPortrait UIInterfaceOrientationLandscapeLeft UIInterfaceOrientationLandscapeRight";
				LD_RUNPATH_SEARCH_PATHS = (
					"$(inherited)",
					"@executable_path/Frameworks",
				);
				MARKETING_VERSION = 1.0;
				PRODUCT_BUNDLE_IDENTIFIER = com.nuios.Clarity;
				PRODUCT_NAME = "$(TARGET_NAME)";
				SWIFT_EMIT_LOC_STRINGS = YES;
				SWIFT_VERSION = 5.0;
				TARGETED_DEVICE_FAMILY = "1,2";
			};
			name = Release;
		};
/* End XCBuildConfiguration section */

/* Begin XCConfigurationList section */
		839867DF2A3D0BCE004A5C40 /* Build configuration list for PBXProject "Clarity" */ = {
			isa = XCConfigurationList;
			buildConfigurations = (
				839867F62A3D0BCF004A5C40 /* Debug */,
				839867F72A3D0BCF004A5C40 /* Release */,
			);
			defaultConfigurationIsVisible = 0;
			defaultConfigurationName = Release;
		};
		839867F82A3D0BCF004A5C40 /* Build configuration list for PBXNativeTarget "Clarity" */ = {
			isa = XCConfigurationList;
			buildConfigurations = (
				839867F92A3D0BCF004A5C40 /* Debug */,
				839867FA2A3D0BCF004A5C40 /* Release */,
			);
			defaultConfigurationIsVisible = 0;
			defaultConfigurationName = Release;
		};
/* End XCConfigurationList section */

/* Begin XCRemoteSwiftPackageReference section */
		839867FF2A3E94A6004A5C40 /* XCRemoteSwiftPackageReference "firebase-ios-sdk" */ = {
			isa = XCRemoteSwiftPackageReference;
			repositoryURL = "https://github.com/firebase/firebase-ios-sdk";
			requirement = {
				kind = upToNextMajorVersion;
				minimumVersion = 10.0.0;
			};
		};
/* End XCRemoteSwiftPackageReference section */

/* Begin XCSwiftPackageProductDependency section */
		839868002A3E94A6004A5C40 /* FirebaseAuth */ = {
			isa = XCSwiftPackageProductDependency;
			package = 839867FF2A3E94A6004A5C40 /* XCRemoteSwiftPackageReference "firebase-ios-sdk" */;
			productName = FirebaseAuth;
		};
		839868022A3E94A6004A5C40 /* FirebaseFirestore */ = {
			isa = XCSwiftPackageProductDependency;
			package = 839867FF2A3E94A6004A5C40 /* XCRemoteSwiftPackageReference "firebase-ios-sdk" */;
			productName = FirebaseFirestore;
		};
		839868042A3E94A6004A5C40 /* FirebaseFirestoreSwift */ = {
			isa = XCSwiftPackageProductDependency;
			package = 839867FF2A3E94A6004A5C40 /* XCRemoteSwiftPackageReference "firebase-ios-sdk" */;
			productName = FirebaseFirestoreSwift;
		};
		839868062A3E94A6004A5C40 /* FirebaseStorage */ = {
			isa = XCSwiftPackageProductDependency;
			package = 839867FF2A3E94A6004A5C40 /* XCRemoteSwiftPackageReference "firebase-ios-sdk" */;
			productName = FirebaseStorage;
		};
/* End XCSwiftPackageProductDependency section */
	};
	rootObject = 839867DC2A3D0BCE004A5C40 /* Project object */;
}
