// !$*UTF8*$!
{
	archiveVersion = 1;
	classes = {
	};
	objectVersion = 56;
	objects = {

/* Begin PBXBuildFile section */
		839867E82A3D0BCE004A5C40 /* AppDelegate.swift in Sources */ = {isa = PBXBuildFile; fileRef = 839867E72A3D0BCE004A5C40 /* AppDelegate.swift */; };
		839867EA2A3D0BCE004A5C40 /* SceneDelegate.swift in Sources */ = {isa = PBXBuildFile; fileRef = 839867E92A3D0BCE004A5C40 /* SceneDelegate.swift */; };
		839867EC2A3D0BCE004A5C40 /* ViewController.swift in Sources */ = {isa = PBXBuildFile; fileRef = 839867EB2A3D0BCE004A5C40 /* ViewController.swift */; };
		839867EF2A3D0BCE004A5C40 /* Main.storyboard in Resources */ = {isa = PBXBuildFile; fileRef = 839867ED2A3D0BCE004A5C40 /* Main.storyboard */; };
		839867F12A3D0BCF004A5C40 /* Assets.xcassets in Resources */ = {isa = PBXBuildFile; fileRef = 839867F02A3D0BCF004A5C40 /* Assets.xcassets */; };
		839867F42A3D0BCF004A5C40 /* LaunchScreen.storyboard in Resources */ = {isa = PBXBuildFile; fileRef = 839867F22A3D0BCF004A5C40 /* LaunchScreen.storyboard */; };
		839867FC2A3D0C4A004A5C40 /* LandingPageView.swift in Sources */ = {isa = PBXBuildFile; fileRef = 839867FB2A3D0C4A004A5C40 /* LandingPageView.swift */; };
		839868012A3E94A6004A5C40 /* FirebaseAuth in Frameworks */ = {isa = PBXBuildFile; productRef = 839868002A3E94A6004A5C40 /* FirebaseAuth */; };
		839868032A3E94A6004A5C40 /* FirebaseFirestore in Frameworks */ = {isa = PBXBuildFile; productRef = 839868022A3E94A6004A5C40 /* FirebaseFirestore */; };
		839868052A3E94A6004A5C40 /* FirebaseFirestoreSwift in Frameworks */ = {isa = PBXBuildFile; productRef = 839868042A3E94A6004A5C40 /* FirebaseFirestoreSwift */; };
		839868072A3E94A6004A5C40 /* FirebaseStorage in Frameworks */ = {isa = PBXBuildFile; productRef = 839868062A3E94A6004A5C40 /* FirebaseStorage */; };
		8398680E2A3FFC4D004A5C40 /* LoginView.swift in Sources */ = {isa = PBXBuildFile; fileRef = 8398680D2A3FFC4C004A5C40 /* LoginView.swift */; };
		839868102A3FFC61004A5C40 /* LoginViewController.swift in Sources */ = {isa = PBXBuildFile; fileRef = 8398680F2A3FFC61004A5C40 /* LoginViewController.swift */; };
		839868132A3FFC8E004A5C40 /* RegisterViewController.swift in Sources */ = {isa = PBXBuildFile; fileRef = 839868122A3FFC8E004A5C40 /* RegisterViewController.swift */; };
		839868152A3FFC9E004A5C40 /* RegisterView.swift in Sources */ = {isa = PBXBuildFile; fileRef = 839868142A3FFC9E004A5C40 /* RegisterView.swift */; };
		8398681A2A40FF2C004A5C40 /* RegisterFirebaseManager.swift in Sources */ = {isa = PBXBuildFile; fileRef = 839868192A40FF2C004A5C40 /* RegisterFirebaseManager.swift */; };
		8398681C2A4102C7004A5C40 /* RegisterPhotoPickerManager.swift in Sources */ = {isa = PBXBuildFile; fileRef = 8398681B2A4102C7004A5C40 /* RegisterPhotoPickerManager.swift */; };
		8398681E2A4103E8004A5C40 /* HomePageView.swift in Sources */ = {isa = PBXBuildFile; fileRef = 8398681D2A4103E8004A5C40 /* HomePageView.swift */; };
		839868202A4103F6004A5C40 /* HomePageViewController.swift in Sources */ = {isa = PBXBuildFile; fileRef = 8398681F2A4103F6004A5C40 /* HomePageViewController.swift */; };
		839868242A41083A004A5C40 /* LoginFirebaseManager.swift in Sources */ = {isa = PBXBuildFile; fileRef = 839868232A41083A004A5C40 /* LoginFirebaseManager.swift */; };
		839868282A411CD2004A5C40 /* ProfileView.swift in Sources */ = {isa = PBXBuildFile; fileRef = 839868272A411CD2004A5C40 /* ProfileView.swift */; };
		8398682A2A411CDF004A5C40 /* ProfileViewController.swift in Sources */ = {isa = PBXBuildFile; fileRef = 839868292A411CDF004A5C40 /* ProfileViewController.swift */; };
		8398682E2A4283CA004A5C40 /* Configs.swift in Sources */ = {isa = PBXBuildFile; fileRef = 8398682D2A4283CA004A5C40 /* Configs.swift */; };
		839868302A428683004A5C40 /* CollageTableViewCell.swift in Sources */ = {isa = PBXBuildFile; fileRef = 8398682F2A428683004A5C40 /* CollageTableViewCell.swift */; };
		839868322A4286AD004A5C40 /* AffirmationsTableViewCell.swift in Sources */ = {isa = PBXBuildFile; fileRef = 839868312A4286AD004A5C40 /* AffirmationsTableViewCell.swift */; };
		839868342A4390D8004A5C40 /* Affirmation.swift in Sources */ = {isa = PBXBuildFile; fileRef = 839868332A4390D8004A5C40 /* Affirmation.swift */; };
		839868382A43993F004A5C40 /* AffirmationsTableViewManager.swift in Sources */ = {isa = PBXBuildFile; fileRef = 839868372A43993F004A5C40 /* AffirmationsTableViewManager.swift */; };
		839868402A4523B1004A5C40 /* JournalView.swift in Sources */ = {isa = PBXBuildFile; fileRef = 8398683F2A4523B1004A5C40 /* JournalView.swift */; };
		839868422A4524A4004A5C40 /* JournalViewController.swift in Sources */ = {isa = PBXBuildFile; fileRef = 839868412A4524A4004A5C40 /* JournalViewController.swift */; };
		839868462A4524DD004A5C40 /* JournalTableViewCell.swift in Sources */ = {isa = PBXBuildFile; fileRef = 839868452A4524DD004A5C40 /* JournalTableViewCell.swift */; };
		839868482A4524FC004A5C40 /* JournalTableViewManager.swift in Sources */ = {isa = PBXBuildFile; fileRef = 839868472A4524FC004A5C40 /* JournalTableViewManager.swift */; };
		8398684A2A458B5E004A5C40 /* Journal.swift in Sources */ = {isa = PBXBuildFile; fileRef = 839868492A458B5E004A5C40 /* Journal.swift */; };
		8398684C2A464CCD004A5C40 /* RegisterProgressIndicatorManager.swift in Sources */ = {isa = PBXBuildFile; fileRef = 8398684B2A464CCD004A5C40 /* RegisterProgressIndicatorManager.swift */; };
		8398684E2A464D9B004A5C40 /* ProgressSpinnerViewController.swift in Sources */ = {isa = PBXBuildFile; fileRef = 8398684D2A464D9B004A5C40 /* ProgressSpinnerViewController.swift */; };
		839868502A464DB1004A5C40 /* ProgressSpinnerDelegate.swift in Sources */ = {isa = PBXBuildFile; fileRef = 8398684F2A464DB1004A5C40 /* ProgressSpinnerDelegate.swift */; };
		839868592A47CA77004A5C40 /* RightBarButtonManager.swift in Sources */ = {isa = PBXBuildFile; fileRef = 839868582A47CA76004A5C40 /* RightBarButtonManager.swift */; };
		8398685B2A47D968004A5C40 /* ImageUtils.swift in Sources */ = {isa = PBXBuildFile; fileRef = 8398685A2A47D968004A5C40 /* ImageUtils.swift */; };
		8D5E650C2A47F4DE001F059E /* CollageImage.swift in Sources */ = {isa = PBXBuildFile; fileRef = 8D5E650B2A47F4DE001F059E /* CollageImage.swift */; };
		8D5E650E2A47F4E3001F059E /* InfoPage.swift in Sources */ = {isa = PBXBuildFile; fileRef = 8D5E650D2A47F4E3001F059E /* InfoPage.swift */; };
		8D5E65382A47FAFE001F059E /* GoogleService-Info.plist in Resources */ = {isa = PBXBuildFile; fileRef = 8D5E65372A47FAFE001F059E /* GoogleService-Info.plist */; };
		8D7B6EF72A4808BD00B2BDB2 /* CollageView.swift in Sources */ = {isa = PBXBuildFile; fileRef = 8D7B6EF42A4808BC00B2BDB2 /* CollageView.swift */; };
		8D7B6EF82A4808BD00B2BDB2 /* CollageViewController.swift in Sources */ = {isa = PBXBuildFile; fileRef = 8D7B6EF52A4808BD00B2BDB2 /* CollageViewController.swift */; };
		8D7B6EFC2A4808C400B2BDB2 /* AddCollageImageViewController.swift in Sources */ = {isa = PBXBuildFile; fileRef = 8D7B6EFA2A4808C400B2BDB2 /* AddCollageImageViewController.swift */; };
		8D7B6EFD2A4808C400B2BDB2 /* AddCollageImageView.swift in Sources */ = {isa = PBXBuildFile; fileRef = 8D7B6EFB2A4808C400B2BDB2 /* AddCollageImageView.swift */; };
		8D7B6F002A4808D000B2BDB2 /* DisplayCollageImageViewController.swift in Sources */ = {isa = PBXBuildFile; fileRef = 8D7B6EFE2A4808CF00B2BDB2 /* DisplayCollageImageViewController.swift */; };
		8D7B6F012A4808D000B2BDB2 /* DisplayCollageImageView.swift in Sources */ = {isa = PBXBuildFile; fileRef = 8D7B6EFF2A4808D000B2BDB2 /* DisplayCollageImageView.swift */; };
		8D7B6F032A4808F100B2BDB2 /* CollageImageTableViewCell.swift in Sources */ = {isa = PBXBuildFile; fileRef = 8D7B6F022A4808F100B2BDB2 /* CollageImageTableViewCell.swift */; };
		8DB7C06F2A47FF6400B8014C /* InfoPageViewController.swift in Sources */ = {isa = PBXBuildFile; fileRef = 8DB7C06E2A47FF6400B8014C /* InfoPageViewController.swift */; };
		8DB7C0702A47FF6400B8014C /* InfoPageView.swift in Sources */ = {isa = PBXBuildFile; fileRef = 8DB7C06D2A47FF6400B8014C /* InfoPageView.swift */; };
		8DB7C0712A47FF6400B8014C /* InfoPageTableViewCell.swift in Sources */ = {isa = PBXBuildFile; fileRef = 8DB7C06C2A47FF6400B8014C /* InfoPageTableViewCell.swift */; };
		8DB7C0742A47FF7100B8014C /* MeditationView.swift in Sources */ = {isa = PBXBuildFile; fileRef = 8DB7C0732A47FF7100B8014C /* MeditationView.swift */; };
		8DB7C0752A47FF7100B8014C /* MeditationViewController.swift in Sources */ = {isa = PBXBuildFile; fileRef = 8DB7C0722A47FF7100B8014C /* MeditationViewController.swift */; };
		8DB7C0782A47FF7500B8014C /* JournalingPageViewController.swift in Sources */ = {isa = PBXBuildFile; fileRef = 8DB7C0762A47FF7500B8014C /* JournalingPageViewController.swift */; };
		8DB7C0792A47FF7500B8014C /* JournalingPageView.swift in Sources */ = {isa = PBXBuildFile; fileRef = 8DB7C0772A47FF7500B8014C /* JournalingPageView.swift */; };
		8DB7C07C2A47FF7900B8014C /* WordsOfAffirmationView.swift in Sources */ = {isa = PBXBuildFile; fileRef = 8DB7C07A2A47FF7900B8014C /* WordsOfAffirmationView.swift */; };
		8DB7C07D2A47FF7900B8014C /* WordsOfAffirmationViewController.swift in Sources */ = {isa = PBXBuildFile; fileRef = 8DB7C07B2A47FF7900B8014C /* WordsOfAffirmationViewController.swift */; };
/* End PBXBuildFile section */

/* Begin PBXFileReference section */
		839867E42A3D0BCE004A5C40 /* Clarity.app */ = {isa = PBXFileReference; explicitFileType = wrapper.application; includeInIndex = 0; path = Clarity.app; sourceTree = BUILT_PRODUCTS_DIR; };
		839867E72A3D0BCE004A5C40 /* AppDelegate.swift */ = {isa = PBXFileReference; lastKnownFileType = sourcecode.swift; path = AppDelegate.swift; sourceTree = "<group>"; };
		839867E92A3D0BCE004A5C40 /* SceneDelegate.swift */ = {isa = PBXFileReference; lastKnownFileType = sourcecode.swift; path = SceneDelegate.swift; sourceTree = "<group>"; };
		839867EB2A3D0BCE004A5C40 /* ViewController.swift */ = {isa = PBXFileReference; lastKnownFileType = sourcecode.swift; path = ViewController.swift; sourceTree = "<group>"; };
		839867EE2A3D0BCE004A5C40 /* Base */ = {isa = PBXFileReference; lastKnownFileType = file.storyboard; name = Base; path = Base.lproj/Main.storyboard; sourceTree = "<group>"; };
		839867F02A3D0BCF004A5C40 /* Assets.xcassets */ = {isa = PBXFileReference; lastKnownFileType = folder.assetcatalog; path = Assets.xcassets; sourceTree = "<group>"; };
		839867F32A3D0BCF004A5C40 /* Base */ = {isa = PBXFileReference; lastKnownFileType = file.storyboard; name = Base; path = Base.lproj/LaunchScreen.storyboard; sourceTree = "<group>"; };
		839867F52A3D0BCF004A5C40 /* Info.plist */ = {isa = PBXFileReference; lastKnownFileType = text.plist.xml; path = Info.plist; sourceTree = "<group>"; };
		839867FB2A3D0C4A004A5C40 /* LandingPageView.swift */ = {isa = PBXFileReference; lastKnownFileType = sourcecode.swift; path = LandingPageView.swift; sourceTree = "<group>"; };
		8398680D2A3FFC4C004A5C40 /* LoginView.swift */ = {isa = PBXFileReference; lastKnownFileType = sourcecode.swift; path = LoginView.swift; sourceTree = "<group>"; };
		8398680F2A3FFC61004A5C40 /* LoginViewController.swift */ = {isa = PBXFileReference; lastKnownFileType = sourcecode.swift; path = LoginViewController.swift; sourceTree = "<group>"; };
		839868122A3FFC8E004A5C40 /* RegisterViewController.swift */ = {isa = PBXFileReference; lastKnownFileType = sourcecode.swift; path = RegisterViewController.swift; sourceTree = "<group>"; };
		839868142A3FFC9E004A5C40 /* RegisterView.swift */ = {isa = PBXFileReference; lastKnownFileType = sourcecode.swift; path = RegisterView.swift; sourceTree = "<group>"; };
		839868192A40FF2C004A5C40 /* RegisterFirebaseManager.swift */ = {isa = PBXFileReference; lastKnownFileType = sourcecode.swift; path = RegisterFirebaseManager.swift; sourceTree = "<group>"; };
		8398681B2A4102C7004A5C40 /* RegisterPhotoPickerManager.swift */ = {isa = PBXFileReference; lastKnownFileType = sourcecode.swift; path = RegisterPhotoPickerManager.swift; sourceTree = "<group>"; };
		8398681D2A4103E8004A5C40 /* HomePageView.swift */ = {isa = PBXFileReference; lastKnownFileType = sourcecode.swift; path = HomePageView.swift; sourceTree = "<group>"; };
		8398681F2A4103F6004A5C40 /* HomePageViewController.swift */ = {isa = PBXFileReference; lastKnownFileType = sourcecode.swift; path = HomePageViewController.swift; sourceTree = "<group>"; };
		839868232A41083A004A5C40 /* LoginFirebaseManager.swift */ = {isa = PBXFileReference; lastKnownFileType = sourcecode.swift; path = LoginFirebaseManager.swift; sourceTree = "<group>"; };
		839868272A411CD2004A5C40 /* ProfileView.swift */ = {isa = PBXFileReference; lastKnownFileType = sourcecode.swift; path = ProfileView.swift; sourceTree = "<group>"; };
		839868292A411CDF004A5C40 /* ProfileViewController.swift */ = {isa = PBXFileReference; lastKnownFileType = sourcecode.swift; path = ProfileViewController.swift; sourceTree = "<group>"; };
		8398682D2A4283CA004A5C40 /* Configs.swift */ = {isa = PBXFileReference; lastKnownFileType = sourcecode.swift; name = Configs.swift; path = "View Profile Page/Views/Configs.swift"; sourceTree = "<group>"; };
		8398682F2A428683004A5C40 /* CollageTableViewCell.swift */ = {isa = PBXFileReference; lastKnownFileType = sourcecode.swift; path = CollageTableViewCell.swift; sourceTree = "<group>"; };
		839868312A4286AD004A5C40 /* AffirmationsTableViewCell.swift */ = {isa = PBXFileReference; lastKnownFileType = sourcecode.swift; path = AffirmationsTableViewCell.swift; sourceTree = "<group>"; };
		839868332A4390D8004A5C40 /* Affirmation.swift */ = {isa = PBXFileReference; lastKnownFileType = sourcecode.swift; path = Affirmation.swift; sourceTree = "<group>"; };
		839868372A43993F004A5C40 /* AffirmationsTableViewManager.swift */ = {isa = PBXFileReference; lastKnownFileType = sourcecode.swift; path = AffirmationsTableViewManager.swift; sourceTree = "<group>"; };
		8398683F2A4523B1004A5C40 /* JournalView.swift */ = {isa = PBXFileReference; lastKnownFileType = sourcecode.swift; path = JournalView.swift; sourceTree = "<group>"; };
		839868412A4524A4004A5C40 /* JournalViewController.swift */ = {isa = PBXFileReference; lastKnownFileType = sourcecode.swift; path = JournalViewController.swift; sourceTree = "<group>"; };
		839868452A4524DD004A5C40 /* JournalTableViewCell.swift */ = {isa = PBXFileReference; lastKnownFileType = sourcecode.swift; name = JournalTableViewCell.swift; path = "Clarity/View Profile Page/Views/JournalTableViewCell.swift"; sourceTree = SOURCE_ROOT; };
		839868472A4524FC004A5C40 /* JournalTableViewManager.swift */ = {isa = PBXFileReference; lastKnownFileType = sourcecode.swift; name = JournalTableViewManager.swift; path = "Clarity/Journal Page/JournalTableViewManager.swift"; sourceTree = SOURCE_ROOT; };
		839868492A458B5E004A5C40 /* Journal.swift */ = {isa = PBXFileReference; lastKnownFileType = sourcecode.swift; path = Journal.swift; sourceTree = "<group>"; };
		8398684B2A464CCD004A5C40 /* RegisterProgressIndicatorManager.swift */ = {isa = PBXFileReference; lastKnownFileType = sourcecode.swift; path = RegisterProgressIndicatorManager.swift; sourceTree = "<group>"; };
		8398684D2A464D9B004A5C40 /* ProgressSpinnerViewController.swift */ = {isa = PBXFileReference; lastKnownFileType = sourcecode.swift; path = ProgressSpinnerViewController.swift; sourceTree = "<group>"; };
		8398684F2A464DB1004A5C40 /* ProgressSpinnerDelegate.swift */ = {isa = PBXFileReference; lastKnownFileType = sourcecode.swift; path = ProgressSpinnerDelegate.swift; sourceTree = "<group>"; };
		839868582A47CA76004A5C40 /* RightBarButtonManager.swift */ = {isa = PBXFileReference; lastKnownFileType = sourcecode.swift; path = RightBarButtonManager.swift; sourceTree = "<group>"; };
		8398685A2A47D968004A5C40 /* ImageUtils.swift */ = {isa = PBXFileReference; lastKnownFileType = sourcecode.swift; path = ImageUtils.swift; sourceTree = "<group>"; };
		8D5E650B2A47F4DE001F059E /* CollageImage.swift */ = {isa = PBXFileReference; fileEncoding = 4; lastKnownFileType = sourcecode.swift; path = CollageImage.swift; sourceTree = "<group>"; };
		8D5E650D2A47F4E3001F059E /* InfoPage.swift */ = {isa = PBXFileReference; fileEncoding = 4; lastKnownFileType = sourcecode.swift; path = InfoPage.swift; sourceTree = "<group>"; };
		8D5E65372A47FAFE001F059E /* GoogleService-Info.plist */ = {isa = PBXFileReference; fileEncoding = 4; lastKnownFileType = text.plist.xml; name = "GoogleService-Info.plist"; path = "../../../../Downloads/App12/App12/GoogleService-Info.plist"; sourceTree = "<group>"; };
		8D7B6EF42A4808BC00B2BDB2 /* CollageView.swift */ = {isa = PBXFileReference; fileEncoding = 4; lastKnownFileType = sourcecode.swift; path = CollageView.swift; sourceTree = "<group>"; };
		8D7B6EF52A4808BD00B2BDB2 /* CollageViewController.swift */ = {isa = PBXFileReference; fileEncoding = 4; lastKnownFileType = sourcecode.swift; path = CollageViewController.swift; sourceTree = "<group>"; };
		8D7B6EFA2A4808C400B2BDB2 /* AddCollageImageViewController.swift */ = {isa = PBXFileReference; fileEncoding = 4; lastKnownFileType = sourcecode.swift; path = AddCollageImageViewController.swift; sourceTree = "<group>"; };
		8D7B6EFB2A4808C400B2BDB2 /* AddCollageImageView.swift */ = {isa = PBXFileReference; fileEncoding = 4; lastKnownFileType = sourcecode.swift; path = AddCollageImageView.swift; sourceTree = "<group>"; };
		8D7B6EFE2A4808CF00B2BDB2 /* DisplayCollageImageViewController.swift */ = {isa = PBXFileReference; fileEncoding = 4; lastKnownFileType = sourcecode.swift; path = DisplayCollageImageViewController.swift; sourceTree = "<group>"; };
		8D7B6EFF2A4808D000B2BDB2 /* DisplayCollageImageView.swift */ = {isa = PBXFileReference; fileEncoding = 4; lastKnownFileType = sourcecode.swift; path = DisplayCollageImageView.swift; sourceTree = "<group>"; };
		8D7B6F022A4808F100B2BDB2 /* CollageImageTableViewCell.swift */ = {isa = PBXFileReference; lastKnownFileType = sourcecode.swift; path = CollageImageTableViewCell.swift; sourceTree = "<group>"; };
		8DB7C06C2A47FF6400B8014C /* InfoPageTableViewCell.swift */ = {isa = PBXFileReference; lastKnownFileType = sourcecode.swift; path = InfoPageTableViewCell.swift; sourceTree = "<group>"; };
		8DB7C06D2A47FF6400B8014C /* InfoPageView.swift */ = {isa = PBXFileReference; lastKnownFileType = sourcecode.swift; path = InfoPageView.swift; sourceTree = "<group>"; };
		8DB7C06E2A47FF6400B8014C /* InfoPageViewController.swift */ = {isa = PBXFileReference; lastKnownFileType = sourcecode.swift; path = InfoPageViewController.swift; sourceTree = "<group>"; };
		8DB7C0722A47FF7100B8014C /* MeditationViewController.swift */ = {isa = PBXFileReference; lastKnownFileType = sourcecode.swift; path = MeditationViewController.swift; sourceTree = "<group>"; };
		8DB7C0732A47FF7100B8014C /* MeditationView.swift */ = {isa = PBXFileReference; lastKnownFileType = sourcecode.swift; path = MeditationView.swift; sourceTree = "<group>"; };
		8DB7C0762A47FF7500B8014C /* JournalingPageViewController.swift */ = {isa = PBXFileReference; lastKnownFileType = sourcecode.swift; path = JournalingPageViewController.swift; sourceTree = "<group>"; };
		8DB7C0772A47FF7500B8014C /* JournalingPageView.swift */ = {isa = PBXFileReference; lastKnownFileType = sourcecode.swift; path = JournalingPageView.swift; sourceTree = "<group>"; };
		8DB7C07A2A47FF7900B8014C /* WordsOfAffirmationView.swift */ = {isa = PBXFileReference; lastKnownFileType = sourcecode.swift; path = WordsOfAffirmationView.swift; sourceTree = "<group>"; };
		8DB7C07B2A47FF7900B8014C /* WordsOfAffirmationViewController.swift */ = {isa = PBXFileReference; lastKnownFileType = sourcecode.swift; path = WordsOfAffirmationViewController.swift; sourceTree = "<group>"; };
/* End PBXFileReference section */

/* Begin PBXFrameworksBuildPhase section */
		839867E12A3D0BCE004A5C40 /* Frameworks */ = {
			isa = PBXFrameworksBuildPhase;
			buildActionMask = 2147483647;
			files = (
				839868012A3E94A6004A5C40 /* FirebaseAuth in Frameworks */,
				839868072A3E94A6004A5C40 /* FirebaseStorage in Frameworks */,
				839868032A3E94A6004A5C40 /* FirebaseFirestore in Frameworks */,
				839868052A3E94A6004A5C40 /* FirebaseFirestoreSwift in Frameworks */,
			);
			runOnlyForDeploymentPostprocessing = 0;
		};
/* End PBXFrameworksBuildPhase section */

/* Begin PBXGroup section */
		839867DB2A3D0BCE004A5C40 = {
			isa = PBXGroup;
			children = (
				839867E62A3D0BCE004A5C40 /* Clarity */,
				839867E52A3D0BCE004A5C40 /* Products */,
			);
			sourceTree = "<group>";
		};
		839867E52A3D0BCE004A5C40 /* Products */ = {
			isa = PBXGroup;
			children = (
				839867E42A3D0BCE004A5C40 /* Clarity.app */,
			);
			name = Products;
			sourceTree = "<group>";
		};
		839867E62A3D0BCE004A5C40 /* Clarity */ = {
			isa = PBXGroup;
			children = (
				8D7B6F022A4808F100B2BDB2 /* CollageImageTableViewCell.swift */,
				8DB7C06C2A47FF6400B8014C /* InfoPageTableViewCell.swift */,
				8DB7C06D2A47FF6400B8014C /* InfoPageView.swift */,
				8DB7C06E2A47FF6400B8014C /* InfoPageViewController.swift */,
				8DB7C0732A47FF7100B8014C /* MeditationView.swift */,
				8DB7C0722A47FF7100B8014C /* MeditationViewController.swift */,
				8DB7C0772A47FF7500B8014C /* JournalingPageView.swift */,
				8DB7C0762A47FF7500B8014C /* JournalingPageViewController.swift */,
				8D7B6EFB2A4808C400B2BDB2 /* AddCollageImageView.swift */,
				8D7B6EFA2A4808C400B2BDB2 /* AddCollageImageViewController.swift */,
				8D7B6EF42A4808BC00B2BDB2 /* CollageView.swift */,
				8D7B6EF52A4808BD00B2BDB2 /* CollageViewController.swift */,
				8DB7C07A2A47FF7900B8014C /* WordsOfAffirmationView.swift */,
				8D7B6EFF2A4808D000B2BDB2 /* DisplayCollageImageView.swift */,
				8D7B6EFE2A4808CF00B2BDB2 /* DisplayCollageImageViewController.swift */,
				8DB7C07B2A47FF7900B8014C /* WordsOfAffirmationViewController.swift */,
				8398685A2A47D968004A5C40 /* ImageUtils.swift */,
				8398682D2A4283CA004A5C40 /* Configs.swift */,
				839868362A4390E3004A5C40 /* Data Models */,
				839868512A464DB4004A5C40 /* Progress Indicator */,
				8398680B2A3FFC1D004A5C40 /* Landing Page */,
				839868162A3FFCA1004A5C40 /* Register Page */,
				839868112A3FFC64004A5C40 /* Login Page */,
				839868212A4103F9004A5C40 /* Home Page */,
				8398682B2A411CE2004A5C40 /* View Profile Page */,
				839868432A4524A8004A5C40 /* Journal Page */,
				839867E72A3D0BCE004A5C40 /* AppDelegate.swift */,
				839867E92A3D0BCE004A5C40 /* SceneDelegate.swift */,
				839867ED2A3D0BCE004A5C40 /* Main.storyboard */,
				839867F02A3D0BCF004A5C40 /* Assets.xcassets */,
				839867F22A3D0BCF004A5C40 /* LaunchScreen.storyboard */,
				839867F52A3D0BCF004A5C40 /* Info.plist */,
				8D5E65372A47FAFE001F059E /* GoogleService-Info.plist */,
			);
			path = Clarity;
			sourceTree = "<group>";
		};
		8398680B2A3FFC1D004A5C40 /* Landing Page */ = {
			isa = PBXGroup;
			children = (
				8398680C2A3FFC25004A5C40 /* Views */,
				839867EB2A3D0BCE004A5C40 /* ViewController.swift */,
			);
			path = "Landing Page";
			sourceTree = "<group>";
		};
		8398680C2A3FFC25004A5C40 /* Views */ = {
			isa = PBXGroup;
			children = (
				839867FB2A3D0C4A004A5C40 /* LandingPageView.swift */,
			);
			path = Views;
			sourceTree = "<group>";
		};
		839868112A3FFC64004A5C40 /* Login Page */ = {
			isa = PBXGroup;
			children = (
				839868182A3FFCB9004A5C40 /* Views */,
				8398680F2A3FFC61004A5C40 /* LoginViewController.swift */,
				839868232A41083A004A5C40 /* LoginFirebaseManager.swift */,
			);
			path = "Login Page";
			sourceTree = "<group>";
		};
		839868162A3FFCA1004A5C40 /* Register Page */ = {
			isa = PBXGroup;
			children = (
				839868172A3FFCB4004A5C40 /* Views */,
				839868122A3FFC8E004A5C40 /* RegisterViewController.swift */,
				8398681B2A4102C7004A5C40 /* RegisterPhotoPickerManager.swift */,
				8398684B2A464CCD004A5C40 /* RegisterProgressIndicatorManager.swift */,
				839868192A40FF2C004A5C40 /* RegisterFirebaseManager.swift */,
			);
			path = "Register Page";
			sourceTree = "<group>";
		};
		839868172A3FFCB4004A5C40 /* Views */ = {
			isa = PBXGroup;
			children = (
				839868142A3FFC9E004A5C40 /* RegisterView.swift */,
			);
			path = Views;
			sourceTree = "<group>";
		};
		839868182A3FFCB9004A5C40 /* Views */ = {
			isa = PBXGroup;
			children = (
				8398680D2A3FFC4C004A5C40 /* LoginView.swift */,
			);
			path = Views;
			sourceTree = "<group>";
		};
		839868212A4103F9004A5C40 /* Home Page */ = {
			isa = PBXGroup;
			children = (
				839868222A410408004A5C40 /* Views */,
				8398681F2A4103F6004A5C40 /* HomePageViewController.swift */,
				839868582A47CA76004A5C40 /* RightBarButtonManager.swift */,
			);
			path = "Home Page";
			sourceTree = "<group>";
		};
		839868222A410408004A5C40 /* Views */ = {
			isa = PBXGroup;
			children = (
				8398681D2A4103E8004A5C40 /* HomePageView.swift */,
			);
			path = Views;
			sourceTree = "<group>";
		};
		8398682B2A411CE2004A5C40 /* View Profile Page */ = {
			isa = PBXGroup;
			children = (
				8398682C2A411CF1004A5C40 /* Views */,
				839868292A411CDF004A5C40 /* ProfileViewController.swift */,
				839868372A43993F004A5C40 /* AffirmationsTableViewManager.swift */,
			);
			path = "View Profile Page";
			sourceTree = "<group>";
		};
		8398682C2A411CF1004A5C40 /* Views */ = {
			isa = PBXGroup;
			children = (
				839868272A411CD2004A5C40 /* ProfileView.swift */,
				8398682F2A428683004A5C40 /* CollageTableViewCell.swift */,
				839868312A4286AD004A5C40 /* AffirmationsTableViewCell.swift */,
			);
			path = Views;
			sourceTree = "<group>";
		};
		839868362A4390E3004A5C40 /* Data Models */ = {
			isa = PBXGroup;
			children = (
				8D5E650D2A47F4E3001F059E /* InfoPage.swift */,
				8D5E650B2A47F4DE001F059E /* CollageImage.swift */,
				839868332A4390D8004A5C40 /* Affirmation.swift */,
				839868492A458B5E004A5C40 /* Journal.swift */,
			);
			path = "Data Models";
			sourceTree = "<group>";
		};
		839868432A4524A8004A5C40 /* Journal Page */ = {
			isa = PBXGroup;
			children = (
				839868442A4524AF004A5C40 /* Views */,
				839868412A4524A4004A5C40 /* JournalViewController.swift */,
				839868472A4524FC004A5C40 /* JournalTableViewManager.swift */,
			);
			path = "Journal Page";
			sourceTree = "<group>";
		};
		839868442A4524AF004A5C40 /* Views */ = {
			isa = PBXGroup;
			children = (
				839868452A4524DD004A5C40 /* JournalTableViewCell.swift */,
				8398683F2A4523B1004A5C40 /* JournalView.swift */,
			);
			path = Views;
			sourceTree = "<group>";
		};
		839868512A464DB4004A5C40 /* Progress Indicator */ = {
			isa = PBXGroup;
			children = (
				8398684D2A464D9B004A5C40 /* ProgressSpinnerViewController.swift */,
				8398684F2A464DB1004A5C40 /* ProgressSpinnerDelegate.swift */,
			);
			path = "Progress Indicator";
			sourceTree = "<group>";
		};
/* End PBXGroup section */

/* Begin PBXNativeTarget section */
		839867E32A3D0BCE004A5C40 /* Clarity */ = {
			isa = PBXNativeTarget;
			buildConfigurationList = 839867F82A3D0BCF004A5C40 /* Build configuration list for PBXNativeTarget "Clarity" */;
			buildPhases = (
				839867E02A3D0BCE004A5C40 /* Sources */,
				839867E12A3D0BCE004A5C40 /* Frameworks */,
				839867E22A3D0BCE004A5C40 /* Resources */,
			);
			buildRules = (
			);
			dependencies = (
			);
			name = Clarity;
			packageProductDependencies = (
				839868002A3E94A6004A5C40 /* FirebaseAuth */,
				839868022A3E94A6004A5C40 /* FirebaseFirestore */,
				839868042A3E94A6004A5C40 /* FirebaseFirestoreSwift */,
				839868062A3E94A6004A5C40 /* FirebaseStorage */,
			);
			productName = Clarity;
			productReference = 839867E42A3D0BCE004A5C40 /* Clarity.app */;
			productType = "com.apple.product-type.application";
		};
/* End PBXNativeTarget section */

/* Begin PBXProject section */
		839867DC2A3D0BCE004A5C40 /* Project object */ = {
			isa = PBXProject;
			attributes = {
				BuildIndependentTargetsInParallel = 1;
				LastSwiftUpdateCheck = 1430;
				LastUpgradeCheck = 1430;
				TargetAttributes = {
					839867E32A3D0BCE004A5C40 = {
						CreatedOnToolsVersion = 14.3.1;
					};
				};
			};
			buildConfigurationList = 839867DF2A3D0BCE004A5C40 /* Build configuration list for PBXProject "Clarity" */;
			compatibilityVersion = "Xcode 14.0";
			developmentRegion = en;
			hasScannedForEncodings = 0;
			knownRegions = (
				en,
				Base,
			);
			mainGroup = 839867DB2A3D0BCE004A5C40;
			packageReferences = (
				839867FF2A3E94A6004A5C40 /* XCRemoteSwiftPackageReference "firebase-ios-sdk" */,
			);
			productRefGroup = 839867E52A3D0BCE004A5C40 /* Products */;
			projectDirPath = "";
			projectRoot = "";
			targets = (
				839867E32A3D0BCE004A5C40 /* Clarity */,
			);
		};
/* End PBXProject section */

/* Begin PBXResourcesBuildPhase section */
		839867E22A3D0BCE004A5C40 /* Resources */ = {
			isa = PBXResourcesBuildPhase;
			buildActionMask = 2147483647;
			files = (
				839867F42A3D0BCF004A5C40 /* LaunchScreen.storyboard in Resources */,
				839867F12A3D0BCF004A5C40 /* Assets.xcassets in Resources */,
				839867EF2A3D0BCE004A5C40 /* Main.storyboard in Resources */,
				8D5E65382A47FAFE001F059E /* GoogleService-Info.plist in Resources */,
			);
			runOnlyForDeploymentPostprocessing = 0;
		};
/* End PBXResourcesBuildPhase section */

/* Begin PBXSourcesBuildPhase section */
		839867E02A3D0BCE004A5C40 /* Sources */ = {
			isa = PBXSourcesBuildPhase;
			buildActionMask = 2147483647;
			files = (
				8DB7C0712A47FF6400B8014C /* InfoPageTableViewCell.swift in Sources */,
				839868102A3FFC61004A5C40 /* LoginViewController.swift in Sources */,
				8398684A2A458B5E004A5C40 /* Journal.swift in Sources */,
				8398682E2A4283CA004A5C40 /* Configs.swift in Sources */,
				8398684C2A464CCD004A5C40 /* RegisterProgressIndicatorManager.swift in Sources */,
				839868382A43993F004A5C40 /* AffirmationsTableViewManager.swift in Sources */,
				8D7B6F032A4808F100B2BDB2 /* CollageImageTableViewCell.swift in Sources */,
				8DB7C0702A47FF6400B8014C /* InfoPageView.swift in Sources */,
				8DB7C07D2A47FF7900B8014C /* WordsOfAffirmationViewController.swift in Sources */,
				839868242A41083A004A5C40 /* LoginFirebaseManager.swift in Sources */,
				839868592A47CA77004A5C40 /* RightBarButtonManager.swift in Sources */,
				8D5E650C2A47F4DE001F059E /* CollageImage.swift in Sources */,
				8D5E650E2A47F4E3001F059E /* InfoPage.swift in Sources */,
				8D7B6F002A4808D000B2BDB2 /* DisplayCollageImageViewController.swift in Sources */,
				8398681A2A40FF2C004A5C40 /* RegisterFirebaseManager.swift in Sources */,
				839868322A4286AD004A5C40 /* AffirmationsTableViewCell.swift in Sources */,
				8398681C2A4102C7004A5C40 /* RegisterPhotoPickerManager.swift in Sources */,
				8DB7C07C2A47FF7900B8014C /* WordsOfAffirmationView.swift in Sources */,
				8D7B6EFC2A4808C400B2BDB2 /* AddCollageImageViewController.swift in Sources */,
				839868342A4390D8004A5C40 /* Affirmation.swift in Sources */,
				8D7B6F012A4808D000B2BDB2 /* DisplayCollageImageView.swift in Sources */,
				8398685B2A47D968004A5C40 /* ImageUtils.swift in Sources */,
				8D7B6EF72A4808BD00B2BDB2 /* CollageView.swift in Sources */,
				8DB7C0742A47FF7100B8014C /* MeditationView.swift in Sources */,
				839868302A428683004A5C40 /* CollageTableViewCell.swift in Sources */,
				8398684E2A464D9B004A5C40 /* ProgressSpinnerViewController.swift in Sources */,
				839868482A4524FC004A5C40 /* JournalTableViewManager.swift in Sources */,
				839868462A4524DD004A5C40 /* JournalTableViewCell.swift in Sources */,
				839867FC2A3D0C4A004A5C40 /* LandingPageView.swift in Sources */,
				8DB7C0782A47FF7500B8014C /* JournalingPageViewController.swift in Sources */,
				839868132A3FFC8E004A5C40 /* RegisterViewController.swift in Sources */,
				839867EC2A3D0BCE004A5C40 /* ViewController.swift in Sources */,
				8DB7C06F2A47FF6400B8014C /* InfoPageViewController.swift in Sources */,
				8D7B6EFD2A4808C400B2BDB2 /* AddCollageImageView.swift in Sources */,
				839868422A4524A4004A5C40 /* JournalViewController.swift in Sources */,
				8D7B6EF82A4808BD00B2BDB2 /* CollageViewController.swift in Sources */,
				839867E82A3D0BCE004A5C40 /* AppDelegate.swift in Sources */,
				839868152A3FFC9E004A5C40 /* RegisterView.swift in Sources */,
				839868202A4103F6004A5C40 /* HomePageViewController.swift in Sources */,
				8398680E2A3FFC4D004A5C40 /* LoginView.swift in Sources */,
				8398681E2A4103E8004A5C40 /* HomePageView.swift in Sources */,
				8398682A2A411CDF004A5C40 /* ProfileViewController.swift in Sources */,
				839868402A4523B1004A5C40 /* JournalView.swift in Sources */,
				8DB7C0752A47FF7100B8014C /* MeditationViewController.swift in Sources */,
				8DB7C0792A47FF7500B8014C /* JournalingPageView.swift in Sources */,
				839868282A411CD2004A5C40 /* ProfileView.swift in Sources */,
				839867EA2A3D0BCE004A5C40 /* SceneDelegate.swift in Sources */,
				839868502A464DB1004A5C40 /* ProgressSpinnerDelegate.swift in Sources */,
			);
			runOnlyForDeploymentPostprocessing = 0;
		};
/* End PBXSourcesBuildPhase section */

/* Begin PBXVariantGroup section */
		839867ED2A3D0BCE004A5C40 /* Main.storyboard */ = {
			isa = PBXVariantGroup;
			children = (
				839867EE2A3D0BCE004A5C40 /* Base */,
			);
			name = Main.storyboard;
			sourceTree = "<group>";
		};
		839867F22A3D0BCF004A5C40 /* LaunchScreen.storyboard */ = {
			isa = PBXVariantGroup;
			children = (
				839867F32A3D0BCF004A5C40 /* Base */,
			);
			name = LaunchScreen.storyboard;
			sourceTree = "<group>";
		};
/* End PBXVariantGroup section */

/* Begin XCBuildConfiguration section */
		839867F62A3D0BCF004A5C40 /* Debug */ = {
			isa = XCBuildConfiguration;
			buildSettings = {
				ALWAYS_SEARCH_USER_PATHS = NO;
				CLANG_ANALYZER_NONNULL = YES;
				CLANG_ANALYZER_NUMBER_OBJECT_CONVERSION = YES_AGGRESSIVE;
				CLANG_CXX_LANGUAGE_STANDARD = "gnu++20";
				CLANG_ENABLE_MODULES = YES;
				CLANG_ENABLE_OBJC_ARC = YES;
				CLANG_ENABLE_OBJC_WEAK = YES;
				CLANG_WARN_BLOCK_CAPTURE_AUTORELEASING = YES;
				CLANG_WARN_BOOL_CONVERSION = YES;
				CLANG_WARN_COMMA = YES;
				CLANG_WARN_CONSTANT_CONVERSION = YES;
				CLANG_WARN_DEPRECATED_OBJC_IMPLEMENTATIONS = YES;
				CLANG_WARN_DIRECT_OBJC_ISA_USAGE = YES_ERROR;
				CLANG_WARN_DOCUMENTATION_COMMENTS = YES;
				CLANG_WARN_EMPTY_BODY = YES;
				CLANG_WARN_ENUM_CONVERSION = YES;
				CLANG_WARN_INFINITE_RECURSION = YES;
				CLANG_WARN_INT_CONVERSION = YES;
				CLANG_WARN_NON_LITERAL_NULL_CONVERSION = YES;
				CLANG_WARN_OBJC_IMPLICIT_RETAIN_SELF = YES;
				CLANG_WARN_OBJC_LITERAL_CONVERSION = YES;
				CLANG_WARN_OBJC_ROOT_CLASS = YES_ERROR;
				CLANG_WARN_QUOTED_INCLUDE_IN_FRAMEWORK_HEADER = YES;
				CLANG_WARN_RANGE_LOOP_ANALYSIS = YES;
				CLANG_WARN_STRICT_PROTOTYPES = YES;
				CLANG_WARN_SUSPICIOUS_MOVE = YES;
				CLANG_WARN_UNGUARDED_AVAILABILITY = YES_AGGRESSIVE;
				CLANG_WARN_UNREACHABLE_CODE = YES;
				CLANG_WARN__DUPLICATE_METHOD_MATCH = YES;
				COPY_PHASE_STRIP = NO;
				DEBUG_INFORMATION_FORMAT = dwarf;
				ENABLE_STRICT_OBJC_MSGSEND = YES;
				ENABLE_TESTABILITY = YES;
				GCC_C_LANGUAGE_STANDARD = gnu11;
				GCC_DYNAMIC_NO_PIC = NO;
				GCC_NO_COMMON_BLOCKS = YES;
				GCC_OPTIMIZATION_LEVEL = 0;
				GCC_PREPROCESSOR_DEFINITIONS = (
					"DEBUG=1",
					"$(inherited)",
				);
				GCC_WARN_64_TO_32_BIT_CONVERSION = YES;
				GCC_WARN_ABOUT_RETURN_TYPE = YES_ERROR;
				GCC_WARN_UNDECLARED_SELECTOR = YES;
				GCC_WARN_UNINITIALIZED_AUTOS = YES_AGGRESSIVE;
				GCC_WARN_UNUSED_FUNCTION = YES;
				GCC_WARN_UNUSED_VARIABLE = YES;
				IPHONEOS_DEPLOYMENT_TARGET = 15.0;
				MTL_ENABLE_DEBUG_INFO = INCLUDE_SOURCE;
				MTL_FAST_MATH = YES;
				ONLY_ACTIVE_ARCH = YES;
				SDKROOT = iphoneos;
				SWIFT_ACTIVE_COMPILATION_CONDITIONS = DEBUG;
				SWIFT_OPTIMIZATION_LEVEL = "-Onone";
			};
			name = Debug;
		};
		839867F72A3D0BCF004A5C40 /* Release */ = {
			isa = XCBuildConfiguration;
			buildSettings = {
				ALWAYS_SEARCH_USER_PATHS = NO;
				CLANG_ANALYZER_NONNULL = YES;
				CLANG_ANALYZER_NUMBER_OBJECT_CONVERSION = YES_AGGRESSIVE;
				CLANG_CXX_LANGUAGE_STANDARD = "gnu++20";
				CLANG_ENABLE_MODULES = YES;
				CLANG_ENABLE_OBJC_ARC = YES;
				CLANG_ENABLE_OBJC_WEAK = YES;
				CLANG_WARN_BLOCK_CAPTURE_AUTORELEASING = YES;
				CLANG_WARN_BOOL_CONVERSION = YES;
				CLANG_WARN_COMMA = YES;
				CLANG_WARN_CONSTANT_CONVERSION = YES;
				CLANG_WARN_DEPRECATED_OBJC_IMPLEMENTATIONS = YES;
				CLANG_WARN_DIRECT_OBJC_ISA_USAGE = YES_ERROR;
				CLANG_WARN_DOCUMENTATION_COMMENTS = YES;
				CLANG_WARN_EMPTY_BODY = YES;
				CLANG_WARN_ENUM_CONVERSION = YES;
				CLANG_WARN_INFINITE_RECURSION = YES;
				CLANG_WARN_INT_CONVERSION = YES;
				CLANG_WARN_NON_LITERAL_NULL_CONVERSION = YES;
				CLANG_WARN_OBJC_IMPLICIT_RETAIN_SELF = YES;
				CLANG_WARN_OBJC_LITERAL_CONVERSION = YES;
				CLANG_WARN_OBJC_ROOT_CLASS = YES_ERROR;
				CLANG_WARN_QUOTED_INCLUDE_IN_FRAMEWORK_HEADER = YES;
				CLANG_WARN_RANGE_LOOP_ANALYSIS = YES;
				CLANG_WARN_STRICT_PROTOTYPES = YES;
				CLANG_WARN_SUSPICIOUS_MOVE = YES;
				CLANG_WARN_UNGUARDED_AVAILABILITY = YES_AGGRESSIVE;
				CLANG_WARN_UNREACHABLE_CODE = YES;
				CLANG_WARN__DUPLICATE_METHOD_MATCH = YES;
				COPY_PHASE_STRIP = NO;
				DEBUG_INFORMATION_FORMAT = "dwarf-with-dsym";
				ENABLE_NS_ASSERTIONS = NO;
				ENABLE_STRICT_OBJC_MSGSEND = YES;
				GCC_C_LANGUAGE_STANDARD = gnu11;
				GCC_NO_COMMON_BLOCKS = YES;
				GCC_WARN_64_TO_32_BIT_CONVERSION = YES;
				GCC_WARN_ABOUT_RETURN_TYPE = YES_ERROR;
				GCC_WARN_UNDECLARED_SELECTOR = YES;
				GCC_WARN_UNINITIALIZED_AUTOS = YES_AGGRESSIVE;
				GCC_WARN_UNUSED_FUNCTION = YES;
				GCC_WARN_UNUSED_VARIABLE = YES;
				IPHONEOS_DEPLOYMENT_TARGET = 15.0;
				MTL_ENABLE_DEBUG_INFO = NO;
				MTL_FAST_MATH = YES;
				SDKROOT = iphoneos;
				SWIFT_COMPILATION_MODE = wholemodule;
				SWIFT_OPTIMIZATION_LEVEL = "-O";
				VALIDATE_PRODUCT = YES;
			};
			name = Release;
		};
		839867F92A3D0BCF004A5C40 /* Debug */ = {
			isa = XCBuildConfiguration;
			buildSettings = {
				ASSETCATALOG_COMPILER_APPICON_NAME = AppIcon;
				ASSETCATALOG_COMPILER_GLOBAL_ACCENT_COLOR_NAME = AccentColor;
				CODE_SIGN_STYLE = Automatic;
				CURRENT_PROJECT_VERSION = 1;
				DEVELOPMENT_TEAM = V6KH3RPY9S;
				GENERATE_INFOPLIST_FILE = YES;
				INFOPLIST_FILE = Clarity/Info.plist;
				INFOPLIST_KEY_UIApplicationSupportsIndirectInputEvents = YES;
				INFOPLIST_KEY_UILaunchStoryboardName = LaunchScreen;
				INFOPLIST_KEY_UIMainStoryboardFile = Main;
				INFOPLIST_KEY_UISupportedInterfaceOrientations_iPad = "UIInterfaceOrientationPortrait UIInterfaceOrientationPortraitUpsideDown UIInterfaceOrientationLandscapeLeft UIInterfaceOrientationLandscapeRight";
				INFOPLIST_KEY_UISupportedInterfaceOrientations_iPhone = "UIInterfaceOrientationPortrait UIInterfaceOrientationLandscapeLeft UIInterfaceOrientationLandscapeRight";
				LD_RUNPATH_SEARCH_PATHS = (
					"$(inherited)",
					"@executable_path/Frameworks",
				);
				MARKETING_VERSION = 1.0;
				PRODUCT_BUNDLE_IDENTIFIER = com.nuios.Clarity;
				PRODUCT_NAME = "$(TARGET_NAME)";
				SWIFT_EMIT_LOC_STRINGS = YES;
				SWIFT_VERSION = 5.0;
				TARGETED_DEVICE_FAMILY = "1,2";
			};
			name = Debug;
		};
		839867FA2A3D0BCF004A5C40 /* Release */ = {
			isa = XCBuildConfiguration;
			buildSettings = {
				ASSETCATALOG_COMPILER_APPICON_NAME = AppIcon;
				ASSETCATALOG_COMPILER_GLOBAL_ACCENT_COLOR_NAME = AccentColor;
				CODE_SIGN_STYLE = Automatic;
				CURRENT_PROJECT_VERSION = 1;
				DEVELOPMENT_TEAM = V6KH3RPY9S;
				GENERATE_INFOPLIST_FILE = YES;
				INFOPLIST_FILE = Clarity/Info.plist;
				INFOPLIST_KEY_UIApplicationSupportsIndirectInputEvents = YES;
				INFOPLIST_KEY_UILaunchStoryboardName = LaunchScreen;
				INFOPLIST_KEY_UIMainStoryboardFile = Main;
				INFOPLIST_KEY_UISupportedInterfaceOrientations_iPad = "UIInterfaceOrientationPortrait UIInterfaceOrientationPortraitUpsideDown UIInterfaceOrientationLandscapeLeft UIInterfaceOrientationLandscapeRight";
				INFOPLIST_KEY_UISupportedInterfaceOrientations_iPhone = "UIInterfaceOrientationPortrait UIInterfaceOrientationLandscapeLeft UIInterfaceOrientationLandscapeRight";
				LD_RUNPATH_SEARCH_PATHS = (
					"$(inherited)",
					"@executable_path/Frameworks",
				);
				MARKETING_VERSION = 1.0;
				PRODUCT_BUNDLE_IDENTIFIER = com.nuios.Clarity;
				PRODUCT_NAME = "$(TARGET_NAME)";
				SWIFT_EMIT_LOC_STRINGS = YES;
				SWIFT_VERSION = 5.0;
				TARGETED_DEVICE_FAMILY = "1,2";
			};
			name = Release;
		};
/* End XCBuildConfiguration section */

/* Begin XCConfigurationList section */
		839867DF2A3D0BCE004A5C40 /* Build configuration list for PBXProject "Clarity" */ = {
			isa = XCConfigurationList;
			buildConfigurations = (
				839867F62A3D0BCF004A5C40 /* Debug */,
				839867F72A3D0BCF004A5C40 /* Release */,
			);
			defaultConfigurationIsVisible = 0;
			defaultConfigurationName = Release;
		};
		839867F82A3D0BCF004A5C40 /* Build configuration list for PBXNativeTarget "Clarity" */ = {
			isa = XCConfigurationList;
			buildConfigurations = (
				839867F92A3D0BCF004A5C40 /* Debug */,
				839867FA2A3D0BCF004A5C40 /* Release */,
			);
			defaultConfigurationIsVisible = 0;
			defaultConfigurationName = Release;
		};
/* End XCConfigurationList section */

/* Begin XCRemoteSwiftPackageReference section */
		839867FF2A3E94A6004A5C40 /* XCRemoteSwiftPackageReference "firebase-ios-sdk" */ = {
			isa = XCRemoteSwiftPackageReference;
			repositoryURL = "https://github.com/firebase/firebase-ios-sdk";
			requirement = {
				kind = upToNextMajorVersion;
				minimumVersion = 10.0.0;
			};
		};
/* End XCRemoteSwiftPackageReference section */

/* Begin XCSwiftPackageProductDependency section */
		839868002A3E94A6004A5C40 /* FirebaseAuth */ = {
			isa = XCSwiftPackageProductDependency;
			package = 839867FF2A3E94A6004A5C40 /* XCRemoteSwiftPackageReference "firebase-ios-sdk" */;
			productName = FirebaseAuth;
		};
		839868022A3E94A6004A5C40 /* FirebaseFirestore */ = {
			isa = XCSwiftPackageProductDependency;
			package = 839867FF2A3E94A6004A5C40 /* XCRemoteSwiftPackageReference "firebase-ios-sdk" */;
			productName = FirebaseFirestore;
		};
		839868042A3E94A6004A5C40 /* FirebaseFirestoreSwift */ = {
			isa = XCSwiftPackageProductDependency;
			package = 839867FF2A3E94A6004A5C40 /* XCRemoteSwiftPackageReference "firebase-ios-sdk" */;
			productName = FirebaseFirestoreSwift;
		};
		839868062A3E94A6004A5C40 /* FirebaseStorage */ = {
			isa = XCSwiftPackageProductDependency;
			package = 839867FF2A3E94A6004A5C40 /* XCRemoteSwiftPackageReference "firebase-ios-sdk" */;
			productName = FirebaseStorage;
		};
/* End XCSwiftPackageProductDependency section */
	};
	rootObject = 839867DC2A3D0BCE004A5C40 /* Project object */;
}
